
Microsoft Visual Studio Solution File, Format Version 12.00
# Visual Studio Version 16
VisualStudioVersion = 16.0.32413.511
MinimumVisualStudioVersion = 10.0.40219.1
Project("{FAE04EC0-301F-11D3-BF4B-00C04F79EFBC}") = "ExamQuestionPool", "ExamQuestionPool\ExamQuestionPool.csproj", "{12275F3B-3440-46C8-B927-557813E85E62}"
EndProject
Project("{FAE04EC0-301F-11D3-BF4B-00C04F79EFBC}") = "ExamQuestionPool.Tests", "ExamQuestionPool.Tests\ExamQuestionPool.Tests.csproj", "{C2AA55D8-CBE3-4D91-8944-4134B801EF5A}"
EndProject
Global
	GlobalSection(SolutionConfigurationPlatforms) = preSolution
		Debug|Any CPU = Debug|Any CPU
		Release|Any CPU = Release|Any CPU
	EndGlobalSection
	GlobalSection(ProjectConfigurationPlatforms) = postSolution
		{12275F3B-3440-46C8-B927-557813E85E62}.Debug|Any CPU.ActiveCfg = Debug|Any CPU
		{12275F3B-3440-46C8-B927-557813E85E62}.Debug|Any CPU.Build.0 = Debug|Any CPU
		{12275F3B-3440-46C8-B927-557813E85E62}.Release|Any CPU.ActiveCfg = Release|Any CPU
		{12275F3B-3440-46C8-B927-557813E85E62}.Release|Any CPU.Build.0 = Release|Any CPU
		{C2AA55D8-CBE3-4D91-8944-4134B801EF5A}.Debug|Any CPU.ActiveCfg = Debug|Any CPU
		{C2AA55D8-CBE3-4D91-8944-4134B801EF5A}.Debug|Any CPU.Build.0 = Debug|Any CPU
		{C2AA55D8-CBE3-4D91-8944-4134B801EF5A}.Release|Any CPU.ActiveCfg = Release|Any CPU
		{C2AA55D8-CBE3-4D91-8944-4134B801EF5A}.Release|Any CPU.Build.0 = Release|Any CPU
	EndGlobalSection
	GlobalSection(SolutionProperties) = preSolution
		HideSolutionNode = FALSE
	EndGlobalSection
	GlobalSection(ExtensibilityGlobals) = postSolution
		SolutionGuid = {95EDC363-D213-43C5-A98B-F63479B83790}
	EndGlobalSection
EndGlobal
